
Microsoft Visual Studio Solution File, Format Version 12.00
# Visual Studio Version 17
VisualStudioVersion = 17.14.36511.14 d17.14
MinimumVisualStudioVersion = 10.0.40219.1
Project("{FAE04EC0-301F-11D3-BF4B-00C04F79EFBC}") = "NCA_Android", "NCA_Android.csproj", "{ADBAD1B5-9A86-4F13-9686-76999C5C1B48}"
EndProject
Global
	GlobalSection(SolutionConfigurationPlatforms) = preSolution
		Debug|Any CPU = Debug|Any CPU
		Release|Any CPU = Release|Any CPU
	EndGlobalSection
	GlobalSection(ProjectConfigurationPlatforms) = postSolution
		{ADBAD1B5-9A86-4F13-9686-76999C5C1B48}.Debug|Any CPU.ActiveCfg = Debug|Any CPU
		{ADBAD1B5-9A86-4F13-9686-76999C5C1B48}.Debug|Any CPU.Build.0 = Debug|Any CPU
		{ADBAD1B5-9A86-4F13-9686-76999C5C1B48}.Debug|Any CPU.Deploy.0 = Debug|Any CPU
		{ADBAD1B5-9A86-4F13-9686-76999C5C1B48}.Release|Any CPU.ActiveCfg = Release|Any CPU
		{ADBAD1B5-9A86-4F13-9686-76999C5C1B48}.Release|Any CPU.Build.0 = Release|Any CPU
		{ADBAD1B5-9A86-4F13-9686-76999C5C1B48}.Release|Any CPU.Deploy.0 = Release|Any CPU
	EndGlobalSection
	GlobalSection(SolutionProperties) = preSolution
		HideSolutionNode = FALSE
	EndGlobalSection
	GlobalSection(ExtensibilityGlobals) = postSolution
		SolutionGuid = {466D31FB-57F9-4483-87BB-42027DEE586F}
	EndGlobalSection
EndGlobal
